
Microsoft Visual Studio Solution File, Format Version 12.00
# Visual Studio Version 17
VisualStudioVersion = 17.6.33801.468
MinimumVisualStudioVersion = 10.0.40219.1
Project("{8BC9CEB8-8B4A-11D0-8D11-00A0C91BC942}") = "lists", "lists.vcxproj", "{9A289BD3-A8CF-40C7-A734-FC423EC8D038}"
EndProject
Global
	GlobalSection(SolutionConfigurationPlatforms) = preSolution
		Debug|x64 = Debug|x64
		Debug|x86 = Debug|x86
		Release|x64 = Release|x64
		Release|x86 = Release|x86
	EndGlobalSection
	GlobalSection(ProjectConfigurationPlatforms) = postSolution
		{9A289BD3-A8CF-40C7-A734-FC423EC8D038}.Debug|x64.ActiveCfg = Debug|x64
		{9A289BD3-A8CF-40C7-A734-FC423EC8D038}.Debug|x64.Build.0 = Debug|x64
		{9A289BD3-A8CF-40C7-A734-FC423EC8D038}.Debug|x86.ActiveCfg = Debug|Win32
		{9A289BD3-A8CF-40C7-A734-FC423EC8D038}.Debug|x86.Build.0 = Debug|Win32
		{9A289BD3-A8CF-40C7-A734-FC423EC8D038}.Release|x64.ActiveCfg = Release|x64
		{9A289BD3-A8CF-40C7-A734-FC423EC8D038}.Release|x64.Build.0 = Release|x64
		{9A289BD3-A8CF-40C7-A734-FC423EC8D038}.Release|x86.ActiveCfg = Release|Win32
		{9A289BD3-A8CF-40C7-A734-FC423EC8D038}.Release|x86.Build.0 = Release|Win32
	EndGlobalSection
	GlobalSection(SolutionProperties) = preSolution
		HideSolutionNode = FALSE
	EndGlobalSection
	GlobalSection(ExtensibilityGlobals) = postSolution
		SolutionGuid = {261CBEB7-2910-4717-B05D-3B2DDF5CF1D3}
	EndGlobalSection
EndGlobal
